// !$*UTF8*$!
{
	archiveVersion = 1;
	classes = {
	};
	objectVersion = 77;
	objects = {

/* Begin PBXBuildFile section */
		6A7ACFC92EAE9C0200D8C6EE /* WhisperKit in Frameworks */ = {isa = PBXBuildFile; productRef = 6A7ACFC82EAE9C0200D8C6EE /* WhisperKit */; };
		A1B2C3D42EAF000100D8C6EE /* Sentry in Frameworks */ = {isa = PBXBuildFile; productRef = A1B2C3D32EAF000100D8C6EE /* Sentry */; };
		B2C3D4E62EAF000200D8C6EE /* FluidAudio in Frameworks */ = {isa = PBXBuildFile; productRef = B2C3D4E52EAF000200D8C6EE /* FluidAudio */; };
/* End PBXBuildFile section */

/* Begin PBXContainerItemProxy section */
		6A7ACEB42EAD27FB00D8C6EE /* PBXContainerItemProxy */ = {
			isa = PBXContainerItemProxy;
			containerPortal = 6A7ACE9E2EAD27FB00D8C6EE /* Project object */;
			proxyType = 1;
			remoteGlobalIDString = 6A7ACEA52EAD27FB00D8C6EE;
			remoteInfo = EchoTune;
		};
		6A7ACEBE2EAD27FB00D8C6EE /* PBXContainerItemProxy */ = {
			isa = PBXContainerItemProxy;
			containerPortal = 6A7ACE9E2EAD27FB00D8C6EE /* Project object */;
			proxyType = 1;
			remoteGlobalIDString = 6A7ACEA52EAD27FB00D8C6EE;
			remoteInfo = EchoTune;
		};
/* End PBXContainerItemProxy section */

/* Begin PBXFileReference section */
		6A7ACEA62EAD27FB00D8C6EE /* EchoTune.app */ = {isa = PBXFileReference; explicitFileType = wrapper.application; includeInIndex = 0; path = EchoTune.app; sourceTree = BUILT_PRODUCTS_DIR; };
		6A7ACEB32EAD27FB00D8C6EE /* EchoTuneTests.xctest */ = {isa = PBXFileReference; explicitFileType = wrapper.cfbundle; includeInIndex = 0; path = EchoTuneTests.xctest; sourceTree = BUILT_PRODUCTS_DIR; };
		6A7ACEBD2EAD27FB00D8C6EE /* EchoTuneUITests.xctest */ = {isa = PBXFileReference; explicitFileType = wrapper.cfbundle; includeInIndex = 0; path = EchoTuneUITests.xctest; sourceTree = BUILT_PRODUCTS_DIR; };
/* End PBXFileReference section */

/* Begin PBXFileSystemSynchronizedBuildFileExceptionSet section */
		6A7AD0422EB65E8500D8C6EE /* Exceptions for "EchoTune" folder in "EchoTune" target */ = {
			isa = PBXFileSystemSynchronizedBuildFileExceptionSet;
			membershipExceptions = (
				Info.plist,
			);
			target = 6A7ACEA52EAD27FB00D8C6EE /* EchoTune */;
		};
/* End PBXFileSystemSynchronizedBuildFileExceptionSet section */

/* Begin PBXFileSystemSynchronizedRootGroup section */
		6A7ACEA82EAD27FB00D8C6EE /* EchoTune */ = {
			isa = PBXFileSystemSynchronizedRootGroup;
			exceptions = (
				6A7AD0422EB65E8500D8C6EE /* Exceptions for "EchoTune" folder in "EchoTune" target */,
			);
			path = EchoTune;
			sourceTree = "<group>";
		};
		6A7ACEB62EAD27FB00D8C6EE /* EchoTuneTests */ = {
			isa = PBXFileSystemSynchronizedRootGroup;
			path = EchoTuneTests;
			sourceTree = "<group>";
		};
		6A7ACEC02EAD27FB00D8C6EE /* EchoTuneUITests */ = {
			isa = PBXFileSystemSynchronizedRootGroup;
			path = EchoTuneUITests;
			sourceTree = "<group>";
		};
/* End PBXFileSystemSynchronizedRootGroup section */

/* Begin PBXFrameworksBuildPhase section */
		6A7ACEA32EAD27FB00D8C6EE /* Frameworks */ = {
			isa = PBXFrameworksBuildPhase;
			buildActionMask = 2147483647;
			files = (
				6A7ACFC92EAE9C0200D8C6EE /* WhisperKit in Frameworks */,
				A1B2C3D42EAF000100D8C6EE /* Sentry in Frameworks */,
				B2C3D4E62EAF000200D8C6EE /* FluidAudio in Frameworks */,
			);
			runOnlyForDeploymentPostprocessing = 0;
		};
		6A7ACEB02EAD27FB00D8C6EE /* Frameworks */ = {
			isa = PBXFrameworksBuildPhase;
			buildActionMask = 2147483647;
			files = (
			);
			runOnlyForDeploymentPostprocessing = 0;
		};
		6A7ACEBA2EAD27FB00D8C6EE /* Frameworks */ = {
			isa = PBXFrameworksBuildPhase;
			buildActionMask = 2147483647;
			files = (
			);
			runOnlyForDeploymentPostprocessing = 0;
		};
/* End PBXFrameworksBuildPhase section */

/* Begin PBXGroup section */
		6A7ACE9D2EAD27FB00D8C6EE = {
			isa = PBXGroup;
			children = (
				6A7ACEA82EAD27FB00D8C6EE /* EchoTune */,
				6A7ACEB62EAD27FB00D8C6EE /* EchoTuneTests */,
				6A7ACEC02EAD27FB00D8C6EE /* EchoTuneUITests */,
				6A7ACFC72EAE9C0200D8C6EE /* Frameworks */,
				6A7ACEA72EAD27FB00D8C6EE /* Products */,
			);
			sourceTree = "<group>";
		};
		6A7ACEA72EAD27FB00D8C6EE /* Products */ = {
			isa = PBXGroup;
			children = (
				6A7ACEA62EAD27FB00D8C6EE /* EchoTune.app */,
				6A7ACEB32EAD27FB00D8C6EE /* EchoTuneTests.xctest */,
				6A7ACEBD2EAD27FB00D8C6EE /* EchoTuneUITests.xctest */,
			);
			name = Products;
			sourceTree = "<group>";
		};
		6A7ACFC72EAE9C0200D8C6EE /* Frameworks */ = {
			isa = PBXGroup;
			children = (
			);
			name = Frameworks;
			sourceTree = "<group>";
		};
/* End PBXGroup section */

/* Begin PBXNativeTarget section */
		6A7ACEA52EAD27FB00D8C6EE /* EchoTune */ = {
			isa = PBXNativeTarget;
			buildConfigurationList = 6A7ACEC72EAD27FC00D8C6EE /* Build configuration list for PBXNativeTarget "EchoTune" */;
			buildPhases = (
				6A7ACEA22EAD27FB00D8C6EE /* Sources */,
				6A7ACEA32EAD27FB00D8C6EE /* Frameworks */,
				6A7ACEA42EAD27FB00D8C6EE /* Resources */,
			);
			buildRules = (
			);
			dependencies = (
			);
			fileSystemSynchronizedGroups = (
				6A7ACEA82EAD27FB00D8C6EE /* EchoTune */,
			);
			name = EchoTune;
			packageProductDependencies = (
				6A7ACFC82EAE9C0200D8C6EE /* WhisperKit */,
				A1B2C3D32EAF000100D8C6EE /* Sentry */,
				B2C3D4E52EAF000200D8C6EE /* FluidAudio */,
			);
			productName = EchoTune;
			productReference = 6A7ACEA62EAD27FB00D8C6EE /* EchoTune.app */;
			productType = "com.apple.product-type.application";
		};
		6A7ACEB22EAD27FB00D8C6EE /* EchoTuneTests */ = {
			isa = PBXNativeTarget;
			buildConfigurationList = 6A7ACECA2EAD27FC00D8C6EE /* Build configuration list for PBXNativeTarget "EchoTuneTests" */;
			buildPhases = (
				6A7ACEAF2EAD27FB00D8C6EE /* Sources */,
				6A7ACEB02EAD27FB00D8C6EE /* Frameworks */,
				6A7ACEB12EAD27FB00D8C6EE /* Resources */,
			);
			buildRules = (
			);
			dependencies = (
				6A7ACEB52EAD27FB00D8C6EE /* PBXTargetDependency */,
			);
			fileSystemSynchronizedGroups = (
				6A7ACEB62EAD27FB00D8C6EE /* EchoTuneTests */,
			);
			name = EchoTuneTests;
			packageProductDependencies = (
			);
			productName = EchoTuneTests;
			productReference = 6A7ACEB32EAD27FB00D8C6EE /* EchoTuneTests.xctest */;
			productType = "com.apple.product-type.bundle.unit-test";
		};
		6A7ACEBC2EAD27FB00D8C6EE /* EchoTuneUITests */ = {
			isa = PBXNativeTarget;
			buildConfigurationList = 6A7ACECD2EAD27FC00D8C6EE /* Build configuration list for PBXNativeTarget "EchoTuneUITests" */;
			buildPhases = (
				6A7ACEB92EAD27FB00D8C6EE /* Sources */,
				6A7ACEBA2EAD27FB00D8C6EE /* Frameworks */,
				6A7ACEBB2EAD27FB00D8C6EE /* Resources */,
			);
			buildRules = (
			);
			dependencies = (
				6A7ACEBF2EAD27FB00D8C6EE /* PBXTargetDependency */,
			);
			fileSystemSynchronizedGroups = (
				6A7ACEC02EAD27FB00D8C6EE /* EchoTuneUITests */,
			);
			name = EchoTuneUITests;
			packageProductDependencies = (
			);
			productName = EchoTuneUITests;
			productReference = 6A7ACEBD2EAD27FB00D8C6EE /* EchoTuneUITests.xctest */;
			productType = "com.apple.product-type.bundle.ui-testing";
		};
/* End PBXNativeTarget section */

/* Begin PBXProject section */
		6A7ACE9E2EAD27FB00D8C6EE /* Project object */ = {
			isa = PBXProject;
			attributes = {
				BuildIndependentTargetsInParallel = 1;
				LastSwiftUpdateCheck = 2600;
				LastUpgradeCheck = 2600;
				TargetAttributes = {
					6A7ACEA52EAD27FB00D8C6EE = {
						CreatedOnToolsVersion = 26.0.1;
					};
					6A7ACEB22EAD27FB00D8C6EE = {
						CreatedOnToolsVersion = 26.0.1;
						TestTargetID = 6A7ACEA52EAD27FB00D8C6EE;
					};
					6A7ACEBC2EAD27FB00D8C6EE = {
						CreatedOnToolsVersion = 26.0.1;
						TestTargetID = 6A7ACEA52EAD27FB00D8C6EE;
					};
				};
			};
			buildConfigurationList = 6A7ACEA12EAD27FB00D8C6EE /* Build configuration list for PBXProject "EchoTune" */;
			developmentRegion = en;
			hasScannedForEncodings = 0;
			knownRegions = (
				en,
				Base,
			);
			mainGroup = 6A7ACE9D2EAD27FB00D8C6EE;
			minimizedProjectReferenceProxies = 1;
			packageReferences = (
				6A7ACFC42EAE9ABA00D8C6EE /* XCRemoteSwiftPackageReference "WhisperKit" */,
				A1B2C3D12EAF000100D8C6EE /* XCRemoteSwiftPackageReference "sentry-cocoa" */,
				B2C3D4E42EAF000200D8C6EE /* XCRemoteSwiftPackageReference "FluidAudio" */,
			);
			preferredProjectObjectVersion = 77;
			productRefGroup = 6A7ACEA72EAD27FB00D8C6EE /* Products */;
			projectDirPath = "";
			projectRoot = "";
			targets = (
				6A7ACEA52EAD27FB00D8C6EE /* EchoTune */,
				6A7ACEB22EAD27FB00D8C6EE /* EchoTuneTests */,
				6A7ACEBC2EAD27FB00D8C6EE /* EchoTuneUITests */,
			);
		};
/* End PBXProject section */

/* Begin PBXResourcesBuildPhase section */
		6A7ACEA42EAD27FB00D8C6EE /* Resources */ = {
			isa = PBXResourcesBuildPhase;
			buildActionMask = 2147483647;
			files = (
			);
			runOnlyForDeploymentPostprocessing = 0;
		};
		6A7ACEB12EAD27FB00D8C6EE /* Resources */ = {
			isa = PBXResourcesBuildPhase;
			buildActionMask = 2147483647;
			files = (
			);
			runOnlyForDeploymentPostprocessing = 0;
		};
		6A7ACEBB2EAD27FB00D8C6EE /* Resources */ = {
			isa = PBXResourcesBuildPhase;
			buildActionMask = 2147483647;
			files = (
			);
			runOnlyForDeploymentPostprocessing = 0;
		};
/* End PBXResourcesBuildPhase section */

/* Begin PBXSourcesBuildPhase section */
		6A7ACEA22EAD27FB00D8C6EE /* Sources */ = {
			isa = PBXSourcesBuildPhase;
			buildActionMask = 2147483647;
			files = (
			);
			runOnlyForDeploymentPostprocessing = 0;
		};
		6A7ACEAF2EAD27FB00D8C6EE /* Sources */ = {
			isa = PBXSourcesBuildPhase;
			buildActionMask = 2147483647;
			files = (
			);
			runOnlyForDeploymentPostprocessing = 0;
		};
		6A7ACEB92EAD27FB00D8C6EE /* Sources */ = {
			isa = PBXSourcesBuildPhase;
			buildActionMask = 2147483647;
			files = (
			);
			runOnlyForDeploymentPostprocessing = 0;
		};
/* End PBXSourcesBuildPhase section */

/* Begin PBXTargetDependency section */
		6A7ACEB52EAD27FB00D8C6EE /* PBXTargetDependency */ = {
			isa = PBXTargetDependency;
			target = 6A7ACEA52EAD27FB00D8C6EE /* EchoTune */;
			targetProxy = 6A7ACEB42EAD27FB00D8C6EE /* PBXContainerItemProxy */;
		};
		6A7ACEBF2EAD27FB00D8C6EE /* PBXTargetDependency */ = {
			isa = PBXTargetDependency;
			target = 6A7ACEA52EAD27FB00D8C6EE /* EchoTune */;
			targetProxy = 6A7ACEBE2EAD27FB00D8C6EE /* PBXContainerItemProxy */;
		};
/* End PBXTargetDependency section */

/* Begin XCBuildConfiguration section */
		6A7ACEC52EAD27FC00D8C6EE /* Debug */ = {
			isa = XCBuildConfiguration;
			buildSettings = {
				ALWAYS_SEARCH_USER_PATHS = NO;
				ASSETCATALOG_COMPILER_GENERATE_SWIFT_ASSET_SYMBOL_EXTENSIONS = YES;
				CLANG_ANALYZER_NONNULL = YES;
				CLANG_ANALYZER_NUMBER_OBJECT_CONVERSION = YES_AGGRESSIVE;
				CLANG_CXX_LANGUAGE_STANDARD = "gnu++20";
				CLANG_ENABLE_MODULES = YES;
				CLANG_ENABLE_OBJC_ARC = YES;
				CLANG_ENABLE_OBJC_WEAK = YES;
				CLANG_WARN_BLOCK_CAPTURE_AUTORELEASING = YES;
				CLANG_WARN_BOOL_CONVERSION = YES;
				CLANG_WARN_COMMA = YES;
				CLANG_WARN_CONSTANT_CONVERSION = YES;
				CLANG_WARN_DEPRECATED_OBJC_IMPLEMENTATIONS = YES;
				CLANG_WARN_DIRECT_OBJC_ISA_USAGE = YES_ERROR;
				CLANG_WARN_DOCUMENTATION_COMMENTS = YES;
				CLANG_WARN_EMPTY_BODY = YES;
				CLANG_WARN_ENUM_CONVERSION = YES;
				CLANG_WARN_INFINITE_RECURSION = YES;
				CLANG_WARN_INT_CONVERSION = YES;
				CLANG_WARN_NON_LITERAL_NULL_CONVERSION = YES;
				CLANG_WARN_OBJC_IMPLICIT_RETAIN_SELF = YES;
				CLANG_WARN_OBJC_LITERAL_CONVERSION = YES;
				CLANG_WARN_OBJC_ROOT_CLASS = YES_ERROR;
				CLANG_WARN_QUOTED_INCLUDE_IN_FRAMEWORK_HEADER = YES;
				CLANG_WARN_RANGE_LOOP_ANALYSIS = YES;
				CLANG_WARN_STRICT_PROTOTYPES = YES;
				CLANG_WARN_SUSPICIOUS_MOVE = YES;
				CLANG_WARN_UNGUARDED_AVAILABILITY = YES_AGGRESSIVE;
				CLANG_WARN_UNREACHABLE_CODE = YES;
				CLANG_WARN__DUPLICATE_METHOD_MATCH = YES;
				COPY_PHASE_STRIP = NO;
				DEAD_CODE_STRIPPING = YES;
				DEBUG_INFORMATION_FORMAT = dwarf;
				ENABLE_STRICT_OBJC_MSGSEND = YES;
				ENABLE_TESTABILITY = YES;
				ENABLE_USER_SCRIPT_SANDBOXING = YES;
				ENABLE_HARDENED_RUNTIME = YES;
				GCC_C_LANGUAGE_STANDARD = gnu17;
				GCC_DYNAMIC_NO_PIC = NO;
				GCC_NO_COMMON_BLOCKS = YES;
				GCC_OPTIMIZATION_LEVEL = 0;
				GCC_PREPROCESSOR_DEFINITIONS = (
					"DEBUG=1",
					"$(inherited)",
				);
				GCC_WARN_64_TO_32_BIT_CONVERSION = YES;
				GCC_WARN_ABOUT_RETURN_TYPE = YES_ERROR;
				GCC_WARN_UNDECLARED_SELECTOR = YES;
				GCC_WARN_UNINITIALIZED_AUTOS = YES_AGGRESSIVE;
				GCC_WARN_UNUSED_FUNCTION = YES;
				GCC_WARN_UNUSED_VARIABLE = YES;
				LOCALIZATION_PREFERS_STRING_CATALOGS = YES;
				MACOSX_DEPLOYMENT_TARGET = 14.0;
				MTL_ENABLE_DEBUG_INFO = INCLUDE_SOURCE;
				MTL_FAST_MATH = YES;
				ONLY_ACTIVE_ARCH = YES;
				SDKROOT = macosx;
				STRING_CATALOG_GENERATE_SYMBOLS = YES;
				SWIFT_ACTIVE_COMPILATION_CONDITIONS = "DEBUG $(inherited)";
				SWIFT_OPTIMIZATION_LEVEL = "-Onone";
			};
			name = Debug;
		};
		6A7ACEC62EAD27FC00D8C6EE /* Release */ = {
			isa = XCBuildConfiguration;
			buildSettings = {
				ALWAYS_SEARCH_USER_PATHS = NO;
				ASSETCATALOG_COMPILER_GENERATE_SWIFT_ASSET_SYMBOL_EXTENSIONS = YES;
				CLANG_ANALYZER_NONNULL = YES;
				CLANG_ANALYZER_NUMBER_OBJECT_CONVERSION = YES_AGGRESSIVE;
				CLANG_CXX_LANGUAGE_STANDARD = "gnu++20";
				CLANG_ENABLE_MODULES = YES;
				CLANG_ENABLE_OBJC_ARC = YES;
				CLANG_ENABLE_OBJC_WEAK = YES;
				CLANG_WARN_BLOCK_CAPTURE_AUTORELEASING = YES;
				CLANG_WARN_BOOL_CONVERSION = YES;
				CLANG_WARN_COMMA = YES;
				CLANG_WARN_CONSTANT_CONVERSION = YES;
				CLANG_WARN_DEPRECATED_OBJC_IMPLEMENTATIONS = YES;
				CLANG_WARN_DIRECT_OBJC_ISA_USAGE = YES_ERROR;
				CLANG_WARN_DOCUMENTATION_COMMENTS = YES;
				CLANG_WARN_EMPTY_BODY = YES;
				CLANG_WARN_ENUM_CONVERSION = YES;
				CLANG_WARN_INFINITE_RECURSION = YES;
				CLANG_WARN_INT_CONVERSION = YES;
				CLANG_WARN_NON_LITERAL_NULL_CONVERSION = YES;
				CLANG_WARN_OBJC_IMPLICIT_RETAIN_SELF = YES;
				CLANG_WARN_OBJC_LITERAL_CONVERSION = YES;
				CLANG_WARN_OBJC_ROOT_CLASS = YES_ERROR;
				CLANG_WARN_QUOTED_INCLUDE_IN_FRAMEWORK_HEADER = YES;
				CLANG_WARN_RANGE_LOOP_ANALYSIS = YES;
				CLANG_WARN_STRICT_PROTOTYPES = YES;
				CLANG_WARN_SUSPICIOUS_MOVE = YES;
				CLANG_WARN_UNGUARDED_AVAILABILITY = YES_AGGRESSIVE;
				CLANG_WARN_UNREACHABLE_CODE = YES;
				CLANG_WARN__DUPLICATE_METHOD_MATCH = YES;
				COPY_PHASE_STRIP = NO;
				DEAD_CODE_STRIPPING = YES;
				DEBUG_INFORMATION_FORMAT = "dwarf-with-dsym";
				ENABLE_NS_ASSERTIONS = NO;
				ENABLE_STRICT_OBJC_MSGSEND = YES;
				ENABLE_USER_SCRIPT_SANDBOXING = YES;
				ENABLE_HARDENED_RUNTIME = YES;
				GCC_C_LANGUAGE_STANDARD = gnu17;
				GCC_NO_COMMON_BLOCKS = YES;
				GCC_WARN_64_TO_32_BIT_CONVERSION = YES;
				GCC_WARN_ABOUT_RETURN_TYPE = YES_ERROR;
				GCC_WARN_UNDECLARED_SELECTOR = YES;
				GCC_WARN_UNINITIALIZED_AUTOS = YES_AGGRESSIVE;
				GCC_WARN_UNUSED_FUNCTION = YES;
				GCC_WARN_UNUSED_VARIABLE = YES;
				LOCALIZATION_PREFERS_STRING_CATALOGS = YES;
				MACOSX_DEPLOYMENT_TARGET = 14.0;
				MTL_ENABLE_DEBUG_INFO = NO;
				MTL_FAST_MATH = YES;
				SDKROOT = macosx;
				STRING_CATALOG_GENERATE_SYMBOLS = YES;
				SWIFT_COMPILATION_MODE = wholemodule;
			};
			name = Release;
		};
		6A7ACEC82EAD27FC00D8C6EE /* Debug */ = {
			isa = XCBuildConfiguration;
			buildSettings = {
				ASSETCATALOG_COMPILER_APPICON_NAME = AppIcon;
				ASSETCATALOG_COMPILER_GLOBAL_ACCENT_COLOR_NAME = AccentColor;
				ASSETCATALOG_COMPILER_INCLUDE_ALL_APPICON_ASSETS = YES;
				CODE_SIGN_ENTITLEMENTS = EchoTune/EchoTune.entitlements;
				CODE_SIGN_STYLE = Automatic;
				COMBINE_HIDPI_IMAGES = YES;
				CURRENT_PROJECT_VERSION = 60;
				DEAD_CODE_STRIPPING = YES;
				ENABLE_APP_SANDBOX = NO;
				ENABLE_INCOMING_NETWORK_CONNECTIONS = YES;
				ENABLE_OUTGOING_NETWORK_CONNECTIONS = YES;
				ENABLE_PREVIEWS = YES;
				ENABLE_RESOURCE_ACCESS_AUDIO_INPUT = YES;
				ECHO_LSUIELEMENT = YES;
				ENABLE_RESOURCE_ACCESS_BLUETOOTH = NO;
				ENABLE_RESOURCE_ACCESS_CALENDARS = NO;
				ENABLE_RESOURCE_ACCESS_CAMERA = NO;
				ENABLE_RESOURCE_ACCESS_CONTACTS = NO;
				ENABLE_RESOURCE_ACCESS_LOCATION = NO;
				ENABLE_RESOURCE_ACCESS_PRINTING = NO;
				ENABLE_RESOURCE_ACCESS_USB = NO;
				ENABLE_USER_SELECTED_FILES = readwrite;
				GENERATE_INFOPLIST_FILE = NO;
				INFOPLIST_FILE = EchoTune/Info.plist;
				INFOPLIST_KEY_NSHumanReadableCopyright = "© 2026 EchoTune Software. All rights reserved.";
				LD_RUNPATH_SEARCH_PATHS = (
					"$(inherited)",
					"@executable_path/../Frameworks",
				);
				MARKETING_VERSION = 6.0.0;
				PRODUCT_BUNDLE_IDENTIFIER = com.echotune.EchoTune;
				PRODUCT_NAME = "$(TARGET_NAME)";
				REGISTER_APP_GROUPS = YES;
				STRING_CATALOG_GENERATE_SYMBOLS = YES;
				SWIFT_APPROACHABLE_CONCURRENCY = YES;
				SWIFT_DEFAULT_ACTOR_ISOLATION = MainActor;
				SWIFT_EMIT_LOC_STRINGS = YES;
				SWIFT_UPCOMING_FEATURE_MEMBER_IMPORT_VISIBILITY = YES;
				SWIFT_VERSION = 5.0;
			};
			name = Debug;
		};
		6A7ACEC92EAD27FC00D8C6EE /* Release */ = {
			isa = XCBuildConfiguration;
			buildSettings = {
				ASSETCATALOG_COMPILER_APPICON_NAME = AppIcon;
				ASSETCATALOG_COMPILER_GLOBAL_ACCENT_COLOR_NAME = AccentColor;
				ASSETCATALOG_COMPILER_INCLUDE_ALL_APPICON_ASSETS = YES;
				CODE_SIGN_ENTITLEMENTS = EchoTune/EchoTune.entitlements;
				CODE_SIGN_STYLE = Automatic;
				COMBINE_HIDPI_IMAGES = YES;
				CURRENT_PROJECT_VERSION = 60;
				DEAD_CODE_STRIPPING = YES;
				ENABLE_APP_SANDBOX = NO;
				ENABLE_INCOMING_NETWORK_CONNECTIONS = YES;
				ENABLE_OUTGOING_NETWORK_CONNECTIONS = YES;
				ENABLE_PREVIEWS = YES;
				ENABLE_RESOURCE_ACCESS_AUDIO_INPUT = YES;
				ECHO_LSUIELEMENT = YES;
				ENABLE_RESOURCE_ACCESS_BLUETOOTH = NO;
				ENABLE_RESOURCE_ACCESS_CALENDARS = NO;
				ENABLE_RESOURCE_ACCESS_CAMERA = NO;
				ENABLE_RESOURCE_ACCESS_CONTACTS = NO;
				ENABLE_RESOURCE_ACCESS_LOCATION = NO;
				ENABLE_RESOURCE_ACCESS_PRINTING = NO;
				ENABLE_RESOURCE_ACCESS_USB = NO;
				ENABLE_USER_SELECTED_FILES = readwrite;
				GENERATE_INFOPLIST_FILE = NO;
				INFOPLIST_FILE = EchoTune/Info.plist;
				INFOPLIST_KEY_NSHumanReadableCopyright = "© 2026 EchoTune Software. All rights reserved.";
				LD_RUNPATH_SEARCH_PATHS = (
					"$(inherited)",
					"@executable_path/../Frameworks",
				);
				MARKETING_VERSION = 6.0.0;
				PRODUCT_BUNDLE_IDENTIFIER = com.echotune.EchoTune;
				PRODUCT_NAME = "$(TARGET_NAME)";
				REGISTER_APP_GROUPS = YES;
				STRING_CATALOG_GENERATE_SYMBOLS = YES;
				SWIFT_APPROACHABLE_CONCURRENCY = YES;
				SWIFT_DEFAULT_ACTOR_ISOLATION = MainActor;
				SWIFT_EMIT_LOC_STRINGS = YES;
				SWIFT_UPCOMING_FEATURE_MEMBER_IMPORT_VISIBILITY = YES;
				SWIFT_VERSION = 5.0;
			};
			name = Release;
		};
		6A7ACECB2EAD27FC00D8C6EE /* Debug */ = {
			isa = XCBuildConfiguration;
			buildSettings = {
				BUNDLE_LOADER = "$(TEST_HOST)";
				CODE_SIGN_STYLE = Automatic;
				CURRENT_PROJECT_VERSION = 60;
				DEAD_CODE_STRIPPING = YES;
				GENERATE_INFOPLIST_FILE = YES;
				MACOSX_DEPLOYMENT_TARGET = 14.0;
				MARKETING_VERSION = 6.0.0;
				PRODUCT_BUNDLE_IDENTIFIER = com.echotune.EchoTuneTests;
				PRODUCT_NAME = "$(TARGET_NAME)";
				STRING_CATALOG_GENERATE_SYMBOLS = NO;
				SWIFT_APPROACHABLE_CONCURRENCY = YES;
				SWIFT_EMIT_LOC_STRINGS = NO;
				SWIFT_UPCOMING_FEATURE_MEMBER_IMPORT_VISIBILITY = YES;
				SWIFT_VERSION = 5.0;
				TEST_HOST = "$(BUILT_PRODUCTS_DIR)/EchoTune.app/$(BUNDLE_EXECUTABLE_FOLDER_PATH)/EchoTune";
			};
			name = Debug;
		};
		6A7ACECC2EAD27FC00D8C6EE /* Release */ = {
			isa = XCBuildConfiguration;
			buildSettings = {
				BUNDLE_LOADER = "$(TEST_HOST)";
				CODE_SIGN_STYLE = Automatic;
				CURRENT_PROJECT_VERSION = 60;
				DEAD_CODE_STRIPPING = YES;
				GENERATE_INFOPLIST_FILE = YES;
				MACOSX_DEPLOYMENT_TARGET = 14.0;
				MARKETING_VERSION = 6.0.0;
				PRODUCT_BUNDLE_IDENTIFIER = com.echotune.EchoTuneTests;
				PRODUCT_NAME = "$(TARGET_NAME)";
				STRING_CATALOG_GENERATE_SYMBOLS = NO;
				SWIFT_APPROACHABLE_CONCURRENCY = YES;
				SWIFT_EMIT_LOC_STRINGS = NO;
				SWIFT_UPCOMING_FEATURE_MEMBER_IMPORT_VISIBILITY = YES;
				SWIFT_VERSION = 5.0;
				TEST_HOST = "$(BUILT_PRODUCTS_DIR)/EchoTune.app/$(BUNDLE_EXECUTABLE_FOLDER_PATH)/EchoTune";
			};
			name = Release;
		};
		6A7ACECE2EAD27FC00D8C6EE /* Debug */ = {
			isa = XCBuildConfiguration;
			buildSettings = {
				CODE_SIGN_STYLE = Automatic;
				CURRENT_PROJECT_VERSION = 60;
				DEAD_CODE_STRIPPING = YES;
				GENERATE_INFOPLIST_FILE = YES;
				MARKETING_VERSION = 6.0.0;
				PRODUCT_BUNDLE_IDENTIFIER = com.echotune.EchoTuneUITests;
				PRODUCT_NAME = "$(TARGET_NAME)";
				STRING_CATALOG_GENERATE_SYMBOLS = NO;
				SWIFT_APPROACHABLE_CONCURRENCY = YES;
				SWIFT_EMIT_LOC_STRINGS = NO;
				SWIFT_UPCOMING_FEATURE_MEMBER_IMPORT_VISIBILITY = YES;
				SWIFT_VERSION = 5.0;
				TEST_TARGET_NAME = EchoTune;
			};
			name = Debug;
		};
		6A7ACECF2EAD27FC00D8C6EE /* Release */ = {
			isa = XCBuildConfiguration;
			buildSettings = {
				CODE_SIGN_STYLE = Automatic;
				CURRENT_PROJECT_VERSION = 60;
				DEAD_CODE_STRIPPING = YES;
				GENERATE_INFOPLIST_FILE = YES;
				MARKETING_VERSION = 6.0.0;
				PRODUCT_BUNDLE_IDENTIFIER = com.echotune.EchoTuneUITests;
				PRODUCT_NAME = "$(TARGET_NAME)";
				STRING_CATALOG_GENERATE_SYMBOLS = NO;
				SWIFT_APPROACHABLE_CONCURRENCY = YES;
				SWIFT_EMIT_LOC_STRINGS = NO;
				SWIFT_UPCOMING_FEATURE_MEMBER_IMPORT_VISIBILITY = YES;
				SWIFT_VERSION = 5.0;
				TEST_TARGET_NAME = EchoTune;
			};
			name = Release;
		};
/* End XCBuildConfiguration section */

/* Begin XCConfigurationList section */
		6A7ACEA12EAD27FB00D8C6EE /* Build configuration list for PBXProject "EchoTune" */ = {
			isa = XCConfigurationList;
			buildConfigurations = (
				6A7ACEC52EAD27FC00D8C6EE /* Debug */,
				6A7ACEC62EAD27FC00D8C6EE /* Release */,
			);
			defaultConfigurationIsVisible = 0;
			defaultConfigurationName = Release;
		};
		6A7ACEC72EAD27FC00D8C6EE /* Build configuration list for PBXNativeTarget "EchoTune" */ = {
			isa = XCConfigurationList;
			buildConfigurations = (
				6A7ACEC82EAD27FC00D8C6EE /* Debug */,
				6A7ACEC92EAD27FC00D8C6EE /* Release */,
			);
			defaultConfigurationIsVisible = 0;
			defaultConfigurationName = Release;
		};
		6A7ACECA2EAD27FC00D8C6EE /* Build configuration list for PBXNativeTarget "EchoTuneTests" */ = {
			isa = XCConfigurationList;
			buildConfigurations = (
				6A7ACECB2EAD27FC00D8C6EE /* Debug */,
				6A7ACECC2EAD27FC00D8C6EE /* Release */,
			);
			defaultConfigurationIsVisible = 0;
			defaultConfigurationName = Release;
		};
		6A7ACECD2EAD27FC00D8C6EE /* Build configuration list for PBXNativeTarget "EchoTuneUITests" */ = {
			isa = XCConfigurationList;
			buildConfigurations = (
				6A7ACECE2EAD27FC00D8C6EE /* Debug */,
				6A7ACECF2EAD27FC00D8C6EE /* Release */,
			);
			defaultConfigurationIsVisible = 0;
			defaultConfigurationName = Release;
		};
/* End XCConfigurationList section */

/* Begin XCRemoteSwiftPackageReference section */
		6A7ACFC42EAE9ABA00D8C6EE /* XCRemoteSwiftPackageReference "WhisperKit" */ = {
			isa = XCRemoteSwiftPackageReference;
			repositoryURL = "https://github.com/argmaxinc/WhisperKit.git";
			requirement = {
				kind = upToNextMajorVersion;
				minimumVersion = 0.9.0;
			};
		};
		A1B2C3D12EAF000100D8C6EE /* XCRemoteSwiftPackageReference "sentry-cocoa" */ = {
			isa = XCRemoteSwiftPackageReference;
			repositoryURL = "https://github.com/getsentry/sentry-cocoa.git";
			requirement = {
				kind = upToNextMajorVersion;
				minimumVersion = 8.37.0;
			};
		};
		B2C3D4E42EAF000200D8C6EE /* XCRemoteSwiftPackageReference "FluidAudio" */ = {
			isa = XCRemoteSwiftPackageReference;
			repositoryURL = "https://github.com/FluidInference/FluidAudio.git";
			requirement = {
				kind = upToNextMinorVersion;
				minimumVersion = 0.15.5;
			};
		};
/* End XCRemoteSwiftPackageReference section */

/* Begin XCSwiftPackageProductDependency section */
		6A7ACFC82EAE9C0200D8C6EE /* WhisperKit */ = {
			isa = XCSwiftPackageProductDependency;
			package = 6A7ACFC42EAE9ABA00D8C6EE /* XCRemoteSwiftPackageReference "WhisperKit" */;
			productName = WhisperKit;
		};
		A1B2C3D32EAF000100D8C6EE /* Sentry */ = {
			isa = XCSwiftPackageProductDependency;
			package = A1B2C3D12EAF000100D8C6EE /* XCRemoteSwiftPackageReference "sentry-cocoa" */;
			productName = Sentry;
		};
		B2C3D4E52EAF000200D8C6EE /* FluidAudio */ = {
			isa = XCSwiftPackageProductDependency;
			package = B2C3D4E42EAF000200D8C6EE /* XCRemoteSwiftPackageReference "FluidAudio" */;
			productName = FluidAudio;
		};
		F1D0A0D22F00000100D8C6EE /* FluidAudio */ = {
			isa = XCSwiftPackageProductDependency;
			package = F1D0A0D12F00000100D8C6EE /* XCRemoteSwiftPackageReference "FluidAudio" */;
			productName = FluidAudio;
		};
/* End XCSwiftPackageProductDependency section */
	};
	rootObject = 6A7ACE9E2EAD27FB00D8C6EE /* Project object */;
}
